
Microsoft Visual Studio Solution File, Format Version 12.00
# Visual Studio 14
VisualStudioVersion = 14.0.25420.1
MinimumVisualStudioVersion = 10.0.40219.1
Project("{262852C6-CD72-467D-83FE-5EEB1973A190}") = "CordovaApp", "CordovaApp\CordovaApp.jsproj", "{736A2A76-AB21-43C9-A095-5E5128CB635F}"
EndProject
Project("{8BB2217D-0F2D-49D1-97BC-3654ED321F3B}") = "WebApp", "WebApp\WebApp.xproj", "{DCF8C726-4F19-44D0-B0AC-B7B00DB30F3D}"
EndProject
Project("{8BB2217D-0F2D-49D1-97BC-3654ED321F3B}") = "Domain", "Domain\Domain.xproj", "{52163253-FB0C-4BF9-A262-2D3DE6B82B9E}"
EndProject
Project("{8BB2217D-0F2D-49D1-97BC-3654ED321F3B}") = "DataAccess", "DataAccess\DataAccess.xproj", "{99056E0A-EC7E-4912-92C8-10656F5E1C15}"
EndProject
Project("{8BB2217D-0F2D-49D1-97BC-3654ED321F3B}") = "Services", "Services\Services.xproj", "{FEF2EB7B-9DBE-44BE-AE99-7F0A4644F75E}"
EndProject
Project("{8BB2217D-0F2D-49D1-97BC-3654ED321F3B}") = "ViewModels", "ViewModels\ViewModels.xproj", "{F0222784-726F-447E-B0B1-E02402604AD9}"
EndProject
Global
	GlobalSection(SolutionConfigurationPlatforms) = preSolution
		Debug|Android = Debug|Android
		Debug|Any CPU = Debug|Any CPU
		Debug|iOS = Debug|iOS
		Debug|Windows Phone (Universal) = Debug|Windows Phone (Universal)
		Debug|Windows Phone 8 = Debug|Windows Phone 8
		Debug|Windows-AnyCPU = Debug|Windows-AnyCPU
		Debug|Windows-ARM = Debug|Windows-ARM
		Debug|Windows-x64 = Debug|Windows-x64
		Debug|Windows-x86 = Debug|Windows-x86
		Release|Android = Release|Android
		Release|Any CPU = Release|Any CPU
		Release|iOS = Release|iOS
		Release|Windows Phone (Universal) = Release|Windows Phone (Universal)
		Release|Windows Phone 8 = Release|Windows Phone 8
		Release|Windows-AnyCPU = Release|Windows-AnyCPU
		Release|Windows-ARM = Release|Windows-ARM
		Release|Windows-x64 = Release|Windows-x64
		Release|Windows-x86 = Release|Windows-x86
	EndGlobalSection
	GlobalSection(ProjectConfigurationPlatforms) = postSolution
		{736A2A76-AB21-43C9-A095-5E5128CB635F}.Debug|Android.ActiveCfg = Debug|Android
		{736A2A76-AB21-43C9-A095-5E5128CB635F}.Debug|Android.Build.0 = Debug|Android
		{736A2A76-AB21-43C9-A095-5E5128CB635F}.Debug|Android.Deploy.0 = Debug|Android
		{736A2A76-AB21-43C9-A095-5E5128CB635F}.Debug|Any CPU.ActiveCfg = Debug|Android
		{736A2A76-AB21-43C9-A095-5E5128CB635F}.Debug|iOS.ActiveCfg = Debug|iOS
		{736A2A76-AB21-43C9-A095-5E5128CB635F}.Debug|iOS.Build.0 = Debug|iOS
		{736A2A76-AB21-43C9-A095-5E5128CB635F}.Debug|iOS.Deploy.0 = Debug|iOS
		{736A2A76-AB21-43C9-A095-5E5128CB635F}.Debug|Windows Phone (Universal).ActiveCfg = Debug|Windows Phone (Universal)
		{736A2A76-AB21-43C9-A095-5E5128CB635F}.Debug|Windows Phone (Universal).Build.0 = Debug|Windows Phone (Universal)
		{736A2A76-AB21-43C9-A095-5E5128CB635F}.Debug|Windows Phone (Universal).Deploy.0 = Debug|Windows Phone (Universal)
		{736A2A76-AB21-43C9-A095-5E5128CB635F}.Debug|Windows Phone 8.ActiveCfg = Debug|Windows Phone 8
		{736A2A76-AB21-43C9-A095-5E5128CB635F}.Debug|Windows Phone 8.Build.0 = Debug|Windows Phone 8
		{736A2A76-AB21-43C9-A095-5E5128CB635F}.Debug|Windows Phone 8.Deploy.0 = Debug|Windows Phone 8
		{736A2A76-AB21-43C9-A095-5E5128CB635F}.Debug|Windows-AnyCPU.ActiveCfg = Debug|Windows-AnyCPU
		{736A2A76-AB21-43C9-A095-5E5128CB635F}.Debug|Windows-AnyCPU.Build.0 = Debug|Windows-AnyCPU
		{736A2A76-AB21-43C9-A095-5E5128CB635F}.Debug|Windows-AnyCPU.Deploy.0 = Debug|Windows-AnyCPU
		{736A2A76-AB21-43C9-A095-5E5128CB635F}.Debug|Windows-ARM.ActiveCfg = Debug|Windows-ARM
		{736A2A76-AB21-43C9-A095-5E5128CB635F}.Debug|Windows-ARM.Build.0 = Debug|Windows-ARM
		{736A2A76-AB21-43C9-A095-5E5128CB635F}.Debug|Windows-ARM.Deploy.0 = Debug|Windows-ARM
		{736A2A76-AB21-43C9-A095-5E5128CB635F}.Debug|Windows-x64.ActiveCfg = Debug|Windows-x64
		{736A2A76-AB21-43C9-A095-5E5128CB635F}.Debug|Windows-x64.Build.0 = Debug|Windows-x64
		{736A2A76-AB21-43C9-A095-5E5128CB635F}.Debug|Windows-x64.Deploy.0 = Debug|Windows-x64
		{736A2A76-AB21-43C9-A095-5E5128CB635F}.Debug|Windows-x86.ActiveCfg = Debug|Windows-x86
		{736A2A76-AB21-43C9-A095-5E5128CB635F}.Debug|Windows-x86.Build.0 = Debug|Windows-x86
		{736A2A76-AB21-43C9-A095-5E5128CB635F}.Debug|Windows-x86.Deploy.0 = Debug|Windows-x86
		{736A2A76-AB21-43C9-A095-5E5128CB635F}.Release|Android.ActiveCfg = Release|Android
		{736A2A76-AB21-43C9-A095-5E5128CB635F}.Release|Android.Build.0 = Release|Android
		{736A2A76-AB21-43C9-A095-5E5128CB635F}.Release|Android.Deploy.0 = Release|Android
		{736A2A76-AB21-43C9-A095-5E5128CB635F}.Release|Any CPU.ActiveCfg = Release|Android
		{736A2A76-AB21-43C9-A095-5E5128CB635F}.Release|iOS.ActiveCfg = Release|iOS
		{736A2A76-AB21-43C9-A095-5E5128CB635F}.Release|iOS.Build.0 = Release|iOS
		{736A2A76-AB21-43C9-A095-5E5128CB635F}.Release|iOS.Deploy.0 = Release|iOS
		{736A2A76-AB21-43C9-A095-5E5128CB635F}.Release|Windows Phone (Universal).ActiveCfg = Release|Windows Phone (Universal)
		{736A2A76-AB21-43C9-A095-5E5128CB635F}.Release|Windows Phone (Universal).Build.0 = Release|Windows Phone (Universal)
		{736A2A76-AB21-43C9-A095-5E5128CB635F}.Release|Windows Phone (Universal).Deploy.0 = Release|Windows Phone (Universal)
		{736A2A76-AB21-43C9-A095-5E5128CB635F}.Release|Windows Phone 8.ActiveCfg = Release|Windows Phone 8
		{736A2A76-AB21-43C9-A095-5E5128CB635F}.Release|Windows Phone 8.Build.0 = Release|Windows Phone 8
		{736A2A76-AB21-43C9-A095-5E5128CB635F}.Release|Windows Phone 8.Deploy.0 = Release|Windows Phone 8
		{736A2A76-AB21-43C9-A095-5E5128CB635F}.Release|Windows-AnyCPU.ActiveCfg = Release|Windows-AnyCPU
		{736A2A76-AB21-43C9-A095-5E5128CB635F}.Release|Windows-AnyCPU.Build.0 = Release|Windows-AnyCPU
		{736A2A76-AB21-43C9-A095-5E5128CB635F}.Release|Windows-AnyCPU.Deploy.0 = Release|Windows-AnyCPU
		{736A2A76-AB21-43C9-A095-5E5128CB635F}.Release|Windows-ARM.ActiveCfg = Release|Windows-ARM
		{736A2A76-AB21-43C9-A095-5E5128CB635F}.Release|Windows-ARM.Build.0 = Release|Windows-ARM
		{736A2A76-AB21-43C9-A095-5E5128CB635F}.Release|Windows-ARM.Deploy.0 = Release|Windows-ARM
		{736A2A76-AB21-43C9-A095-5E5128CB635F}.Release|Windows-x64.ActiveCfg = Release|Windows-x64
		{736A2A76-AB21-43C9-A095-5E5128CB635F}.Release|Windows-x64.Build.0 = Release|Windows-x64
		{736A2A76-AB21-43C9-A095-5E5128CB635F}.Release|Windows-x64.Deploy.0 = Release|Windows-x64
		{736A2A76-AB21-43C9-A095-5E5128CB635F}.Release|Windows-x86.ActiveCfg = Release|Windows-x86
		{736A2A76-AB21-43C9-A095-5E5128CB635F}.Release|Windows-x86.Build.0 = Release|Windows-x86
		{736A2A76-AB21-43C9-A095-5E5128CB635F}.Release|Windows-x86.Deploy.0 = Release|Windows-x86
		{DCF8C726-4F19-44D0-B0AC-B7B00DB30F3D}.Debug|Android.ActiveCfg = Debug|Any CPU
		{DCF8C726-4F19-44D0-B0AC-B7B00DB30F3D}.Debug|Android.Build.0 = Debug|Any CPU
		{DCF8C726-4F19-44D0-B0AC-B7B00DB30F3D}.Debug|Any CPU.ActiveCfg = Debug|Any CPU
		{DCF8C726-4F19-44D0-B0AC-B7B00DB30F3D}.Debug|Any CPU.Build.0 = Debug|Any CPU
		{DCF8C726-4F19-44D0-B0AC-B7B00DB30F3D}.Debug|iOS.ActiveCfg = Debug|Any CPU
		{DCF8C726-4F19-44D0-B0AC-B7B00DB30F3D}.Debug|iOS.Build.0 = Debug|Any CPU
		{DCF8C726-4F19-44D0-B0AC-B7B00DB30F3D}.Debug|Windows Phone (Universal).ActiveCfg = Debug|Any CPU
		{DCF8C726-4F19-44D0-B0AC-B7B00DB30F3D}.Debug|Windows Phone (Universal).Build.0 = Debug|Any CPU
		{DCF8C726-4F19-44D0-B0AC-B7B00DB30F3D}.Debug|Windows Phone 8.ActiveCfg = Debug|Any CPU
		{DCF8C726-4F19-44D0-B0AC-B7B00DB30F3D}.Debug|Windows Phone 8.Build.0 = Debug|Any CPU
		{DCF8C726-4F19-44D0-B0AC-B7B00DB30F3D}.Debug|Windows-AnyCPU.ActiveCfg = Debug|Any CPU
		{DCF8C726-4F19-44D0-B0AC-B7B00DB30F3D}.Debug|Windows-AnyCPU.Build.0 = Debug|Any CPU
		{DCF8C726-4F19-44D0-B0AC-B7B00DB30F3D}.Debug|Windows-ARM.ActiveCfg = Debug|Any CPU
		{DCF8C726-4F19-44D0-B0AC-B7B00DB30F3D}.Debug|Windows-ARM.Build.0 = Debug|Any CPU
		{DCF8C726-4F19-44D0-B0AC-B7B00DB30F3D}.Debug|Windows-x64.ActiveCfg = Debug|Any CPU
		{DCF8C726-4F19-44D0-B0AC-B7B00DB30F3D}.Debug|Windows-x64.Build.0 = Debug|Any CPU
		{DCF8C726-4F19-44D0-B0AC-B7B00DB30F3D}.Debug|Windows-x86.ActiveCfg = Debug|Any CPU
		{DCF8C726-4F19-44D0-B0AC-B7B00DB30F3D}.Debug|Windows-x86.Build.0 = Debug|Any CPU
		{DCF8C726-4F19-44D0-B0AC-B7B00DB30F3D}.Release|Android.ActiveCfg = Release|Any CPU
		{DCF8C726-4F19-44D0-B0AC-B7B00DB30F3D}.Release|Android.Build.0 = Release|Any CPU
		{DCF8C726-4F19-44D0-B0AC-B7B00DB30F3D}.Release|Any CPU.ActiveCfg = Release|Any CPU
		{DCF8C726-4F19-44D0-B0AC-B7B00DB30F3D}.Release|Any CPU.Build.0 = Release|Any CPU
		{DCF8C726-4F19-44D0-B0AC-B7B00DB30F3D}.Release|iOS.ActiveCfg = Release|Any CPU
		{DCF8C726-4F19-44D0-B0AC-B7B00DB30F3D}.Release|iOS.Build.0 = Release|Any CPU
		{DCF8C726-4F19-44D0-B0AC-B7B00DB30F3D}.Release|Windows Phone (Universal).ActiveCfg = Release|Any CPU
		{DCF8C726-4F19-44D0-B0AC-B7B00DB30F3D}.Release|Windows Phone (Universal).Build.0 = Release|Any CPU
		{DCF8C726-4F19-44D0-B0AC-B7B00DB30F3D}.Release|Windows Phone 8.ActiveCfg = Release|Any CPU
		{DCF8C726-4F19-44D0-B0AC-B7B00DB30F3D}.Release|Windows Phone 8.Build.0 = Release|Any CPU
		{DCF8C726-4F19-44D0-B0AC-B7B00DB30F3D}.Release|Windows-AnyCPU.ActiveCfg = Release|Any CPU
		{DCF8C726-4F19-44D0-B0AC-B7B00DB30F3D}.Release|Windows-AnyCPU.Build.0 = Release|Any CPU
		{DCF8C726-4F19-44D0-B0AC-B7B00DB30F3D}.Release|Windows-ARM.ActiveCfg = Release|Any CPU
		{DCF8C726-4F19-44D0-B0AC-B7B00DB30F3D}.Release|Windows-ARM.Build.0 = Release|Any CPU
		{DCF8C726-4F19-44D0-B0AC-B7B00DB30F3D}.Release|Windows-x64.ActiveCfg = Release|Any CPU
		{DCF8C726-4F19-44D0-B0AC-B7B00DB30F3D}.Release|Windows-x64.Build.0 = Release|Any CPU
		{DCF8C726-4F19-44D0-B0AC-B7B00DB30F3D}.Release|Windows-x86.ActiveCfg = Release|Any CPU
		{DCF8C726-4F19-44D0-B0AC-B7B00DB30F3D}.Release|Windows-x86.Build.0 = Release|Any CPU
		{52163253-FB0C-4BF9-A262-2D3DE6B82B9E}.Debug|Android.ActiveCfg = Debug|Any CPU
		{52163253-FB0C-4BF9-A262-2D3DE6B82B9E}.Debug|Android.Build.0 = Debug|Any CPU
		{52163253-FB0C-4BF9-A262-2D3DE6B82B9E}.Debug|Any CPU.ActiveCfg = Debug|Any CPU
		{52163253-FB0C-4BF9-A262-2D3DE6B82B9E}.Debug|Any CPU.Build.0 = Debug|Any CPU
		{52163253-FB0C-4BF9-A262-2D3DE6B82B9E}.Debug|iOS.ActiveCfg = Debug|Any CPU
		{52163253-FB0C-4BF9-A262-2D3DE6B82B9E}.Debug|iOS.Build.0 = Debug|Any CPU
		{52163253-FB0C-4BF9-A262-2D3DE6B82B9E}.Debug|Windows Phone (Universal).ActiveCfg = Debug|Any CPU
		{52163253-FB0C-4BF9-A262-2D3DE6B82B9E}.Debug|Windows Phone (Universal).Build.0 = Debug|Any CPU
		{52163253-FB0C-4BF9-A262-2D3DE6B82B9E}.Debug|Windows Phone 8.ActiveCfg = Debug|Any CPU
		{52163253-FB0C-4BF9-A262-2D3DE6B82B9E}.Debug|Windows Phone 8.Build.0 = Debug|Any CPU
		{52163253-FB0C-4BF9-A262-2D3DE6B82B9E}.Debug|Windows-AnyCPU.ActiveCfg = Debug|Any CPU
		{52163253-FB0C-4BF9-A262-2D3DE6B82B9E}.Debug|Windows-AnyCPU.Build.0 = Debug|Any CPU
		{52163253-FB0C-4BF9-A262-2D3DE6B82B9E}.Debug|Windows-ARM.ActiveCfg = Debug|Any CPU
		{52163253-FB0C-4BF9-A262-2D3DE6B82B9E}.Debug|Windows-ARM.Build.0 = Debug|Any CPU
		{52163253-FB0C-4BF9-A262-2D3DE6B82B9E}.Debug|Windows-x64.ActiveCfg = Debug|Any CPU
		{52163253-FB0C-4BF9-A262-2D3DE6B82B9E}.Debug|Windows-x64.Build.0 = Debug|Any CPU
		{52163253-FB0C-4BF9-A262-2D3DE6B82B9E}.Debug|Windows-x86.ActiveCfg = Debug|Any CPU
		{52163253-FB0C-4BF9-A262-2D3DE6B82B9E}.Debug|Windows-x86.Build.0 = Debug|Any CPU
		{52163253-FB0C-4BF9-A262-2D3DE6B82B9E}.Release|Android.ActiveCfg = Release|Any CPU
		{52163253-FB0C-4BF9-A262-2D3DE6B82B9E}.Release|Android.Build.0 = Release|Any CPU
		{52163253-FB0C-4BF9-A262-2D3DE6B82B9E}.Release|Any CPU.ActiveCfg = Release|Any CPU
		{52163253-FB0C-4BF9-A262-2D3DE6B82B9E}.Release|Any CPU.Build.0 = Release|Any CPU
		{52163253-FB0C-4BF9-A262-2D3DE6B82B9E}.Release|iOS.ActiveCfg = Release|Any CPU
		{52163253-FB0C-4BF9-A262-2D3DE6B82B9E}.Release|iOS.Build.0 = Release|Any CPU
		{52163253-FB0C-4BF9-A262-2D3DE6B82B9E}.Release|Windows Phone (Universal).ActiveCfg = Release|Any CPU
		{52163253-FB0C-4BF9-A262-2D3DE6B82B9E}.Release|Windows Phone (Universal).Build.0 = Release|Any CPU
		{52163253-FB0C-4BF9-A262-2D3DE6B82B9E}.Release|Windows Phone 8.ActiveCfg = Release|Any CPU
		{52163253-FB0C-4BF9-A262-2D3DE6B82B9E}.Release|Windows Phone 8.Build.0 = Release|Any CPU
		{52163253-FB0C-4BF9-A262-2D3DE6B82B9E}.Release|Windows-AnyCPU.ActiveCfg = Release|Any CPU
		{52163253-FB0C-4BF9-A262-2D3DE6B82B9E}.Release|Windows-AnyCPU.Build.0 = Release|Any CPU
		{52163253-FB0C-4BF9-A262-2D3DE6B82B9E}.Release|Windows-ARM.ActiveCfg = Release|Any CPU
		{52163253-FB0C-4BF9-A262-2D3DE6B82B9E}.Release|Windows-ARM.Build.0 = Release|Any CPU
		{52163253-FB0C-4BF9-A262-2D3DE6B82B9E}.Release|Windows-x64.ActiveCfg = Release|Any CPU
		{52163253-FB0C-4BF9-A262-2D3DE6B82B9E}.Release|Windows-x64.Build.0 = Release|Any CPU
		{52163253-FB0C-4BF9-A262-2D3DE6B82B9E}.Release|Windows-x86.ActiveCfg = Release|Any CPU
		{52163253-FB0C-4BF9-A262-2D3DE6B82B9E}.Release|Windows-x86.Build.0 = Release|Any CPU
		{99056E0A-EC7E-4912-92C8-10656F5E1C15}.Debug|Android.ActiveCfg = Debug|Any CPU
		{99056E0A-EC7E-4912-92C8-10656F5E1C15}.Debug|Android.Build.0 = Debug|Any CPU
		{99056E0A-EC7E-4912-92C8-10656F5E1C15}.Debug|Any CPU.ActiveCfg = Debug|Any CPU
		{99056E0A-EC7E-4912-92C8-10656F5E1C15}.Debug|Any CPU.Build.0 = Debug|Any CPU
		{99056E0A-EC7E-4912-92C8-10656F5E1C15}.Debug|iOS.ActiveCfg = Debug|Any CPU
		{99056E0A-EC7E-4912-92C8-10656F5E1C15}.Debug|iOS.Build.0 = Debug|Any CPU
		{99056E0A-EC7E-4912-92C8-10656F5E1C15}.Debug|Windows Phone (Universal).ActiveCfg = Debug|Any CPU
		{99056E0A-EC7E-4912-92C8-10656F5E1C15}.Debug|Windows Phone (Universal).Build.0 = Debug|Any CPU
		{99056E0A-EC7E-4912-92C8-10656F5E1C15}.Debug|Windows Phone 8.ActiveCfg = Debug|Any CPU
		{99056E0A-EC7E-4912-92C8-10656F5E1C15}.Debug|Windows Phone 8.Build.0 = Debug|Any CPU
		{99056E0A-EC7E-4912-92C8-10656F5E1C15}.Debug|Windows-AnyCPU.ActiveCfg = Debug|Any CPU
		{99056E0A-EC7E-4912-92C8-10656F5E1C15}.Debug|Windows-AnyCPU.Build.0 = Debug|Any CPU
		{99056E0A-EC7E-4912-92C8-10656F5E1C15}.Debug|Windows-ARM.ActiveCfg = Debug|Any CPU
		{99056E0A-EC7E-4912-92C8-10656F5E1C15}.Debug|Windows-ARM.Build.0 = Debug|Any CPU
		{99056E0A-EC7E-4912-92C8-10656F5E1C15}.Debug|Windows-x64.ActiveCfg = Debug|Any CPU
		{99056E0A-EC7E-4912-92C8-10656F5E1C15}.Debug|Windows-x64.Build.0 = Debug|Any CPU
		{99056E0A-EC7E-4912-92C8-10656F5E1C15}.Debug|Windows-x86.ActiveCfg = Debug|Any CPU
		{99056E0A-EC7E-4912-92C8-10656F5E1C15}.Debug|Windows-x86.Build.0 = Debug|Any CPU
		{99056E0A-EC7E-4912-92C8-10656F5E1C15}.Release|Android.ActiveCfg = Release|Any CPU
		{99056E0A-EC7E-4912-92C8-10656F5E1C15}.Release|Android.Build.0 = Release|Any CPU
		{99056E0A-EC7E-4912-92C8-10656F5E1C15}.Release|Any CPU.ActiveCfg = Release|Any CPU
		{99056E0A-EC7E-4912-92C8-10656F5E1C15}.Release|Any CPU.Build.0 = Release|Any CPU
		{99056E0A-EC7E-4912-92C8-10656F5E1C15}.Release|iOS.ActiveCfg = Release|Any CPU
		{99056E0A-EC7E-4912-92C8-10656F5E1C15}.Release|iOS.Build.0 = Release|Any CPU
		{99056E0A-EC7E-4912-92C8-10656F5E1C15}.Release|Windows Phone (Universal).ActiveCfg = Release|Any CPU
		{99056E0A-EC7E-4912-92C8-10656F5E1C15}.Release|Windows Phone (Universal).Build.0 = Release|Any CPU
		{99056E0A-EC7E-4912-92C8-10656F5E1C15}.Release|Windows Phone 8.ActiveCfg = Release|Any CPU
		{99056E0A-EC7E-4912-92C8-10656F5E1C15}.Release|Windows Phone 8.Build.0 = Release|Any CPU
		{99056E0A-EC7E-4912-92C8-10656F5E1C15}.Release|Windows-AnyCPU.ActiveCfg = Release|Any CPU
		{99056E0A-EC7E-4912-92C8-10656F5E1C15}.Release|Windows-AnyCPU.Build.0 = Release|Any CPU
		{99056E0A-EC7E-4912-92C8-10656F5E1C15}.Release|Windows-ARM.ActiveCfg = Release|Any CPU
		{99056E0A-EC7E-4912-92C8-10656F5E1C15}.Release|Windows-ARM.Build.0 = Release|Any CPU
		{99056E0A-EC7E-4912-92C8-10656F5E1C15}.Release|Windows-x64.ActiveCfg = Release|Any CPU
		{99056E0A-EC7E-4912-92C8-10656F5E1C15}.Release|Windows-x64.Build.0 = Release|Any CPU
		{99056E0A-EC7E-4912-92C8-10656F5E1C15}.Release|Windows-x86.ActiveCfg = Release|Any CPU
		{99056E0A-EC7E-4912-92C8-10656F5E1C15}.Release|Windows-x86.Build.0 = Release|Any CPU
		{FEF2EB7B-9DBE-44BE-AE99-7F0A4644F75E}.Debug|Android.ActiveCfg = Debug|Any CPU
		{FEF2EB7B-9DBE-44BE-AE99-7F0A4644F75E}.Debug|Android.Build.0 = Debug|Any CPU
		{FEF2EB7B-9DBE-44BE-AE99-7F0A4644F75E}.Debug|Any CPU.ActiveCfg = Debug|Any CPU
		{FEF2EB7B-9DBE-44BE-AE99-7F0A4644F75E}.Debug|Any CPU.Build.0 = Debug|Any CPU
		{FEF2EB7B-9DBE-44BE-AE99-7F0A4644F75E}.Debug|iOS.ActiveCfg = Debug|Any CPU
		{FEF2EB7B-9DBE-44BE-AE99-7F0A4644F75E}.Debug|iOS.Build.0 = Debug|Any CPU
		{FEF2EB7B-9DBE-44BE-AE99-7F0A4644F75E}.Debug|Windows Phone (Universal).ActiveCfg = Debug|Any CPU
		{FEF2EB7B-9DBE-44BE-AE99-7F0A4644F75E}.Debug|Windows Phone (Universal).Build.0 = Debug|Any CPU
		{FEF2EB7B-9DBE-44BE-AE99-7F0A4644F75E}.Debug|Windows Phone 8.ActiveCfg = Debug|Any CPU
		{FEF2EB7B-9DBE-44BE-AE99-7F0A4644F75E}.Debug|Windows Phone 8.Build.0 = Debug|Any CPU
		{FEF2EB7B-9DBE-44BE-AE99-7F0A4644F75E}.Debug|Windows-AnyCPU.ActiveCfg = Debug|Any CPU
		{FEF2EB7B-9DBE-44BE-AE99-7F0A4644F75E}.Debug|Windows-AnyCPU.Build.0 = Debug|Any CPU
		{FEF2EB7B-9DBE-44BE-AE99-7F0A4644F75E}.Debug|Windows-ARM.ActiveCfg = Debug|Any CPU
		{FEF2EB7B-9DBE-44BE-AE99-7F0A4644F75E}.Debug|Windows-ARM.Build.0 = Debug|Any CPU
		{FEF2EB7B-9DBE-44BE-AE99-7F0A4644F75E}.Debug|Windows-x64.ActiveCfg = Debug|Any CPU
		{FEF2EB7B-9DBE-44BE-AE99-7F0A4644F75E}.Debug|Windows-x64.Build.0 = Debug|Any CPU
		{FEF2EB7B-9DBE-44BE-AE99-7F0A4644F75E}.Debug|Windows-x86.ActiveCfg = Debug|Any CPU
		{FEF2EB7B-9DBE-44BE-AE99-7F0A4644F75E}.Debug|Windows-x86.Build.0 = Debug|Any CPU
		{FEF2EB7B-9DBE-44BE-AE99-7F0A4644F75E}.Release|Android.ActiveCfg = Release|Any CPU
		{FEF2EB7B-9DBE-44BE-AE99-7F0A4644F75E}.Release|Android.Build.0 = Release|Any CPU
		{FEF2EB7B-9DBE-44BE-AE99-7F0A4644F75E}.Release|Any CPU.ActiveCfg = Release|Any CPU
		{FEF2EB7B-9DBE-44BE-AE99-7F0A4644F75E}.Release|Any CPU.Build.0 = Release|Any CPU
		{FEF2EB7B-9DBE-44BE-AE99-7F0A4644F75E}.Release|iOS.ActiveCfg = Release|Any CPU
		{FEF2EB7B-9DBE-44BE-AE99-7F0A4644F75E}.Release|iOS.Build.0 = Release|Any CPU
		{FEF2EB7B-9DBE-44BE-AE99-7F0A4644F75E}.Release|Windows Phone (Universal).ActiveCfg = Release|Any CPU
		{FEF2EB7B-9DBE-44BE-AE99-7F0A4644F75E}.Release|Windows Phone (Universal).Build.0 = Release|Any CPU
		{FEF2EB7B-9DBE-44BE-AE99-7F0A4644F75E}.Release|Windows Phone 8.ActiveCfg = Release|Any CPU
		{FEF2EB7B-9DBE-44BE-AE99-7F0A4644F75E}.Release|Windows Phone 8.Build.0 = Release|Any CPU
		{FEF2EB7B-9DBE-44BE-AE99-7F0A4644F75E}.Release|Windows-AnyCPU.ActiveCfg = Release|Any CPU
		{FEF2EB7B-9DBE-44BE-AE99-7F0A4644F75E}.Release|Windows-AnyCPU.Build.0 = Release|Any CPU
		{FEF2EB7B-9DBE-44BE-AE99-7F0A4644F75E}.Release|Windows-ARM.ActiveCfg = Release|Any CPU
		{FEF2EB7B-9DBE-44BE-AE99-7F0A4644F75E}.Release|Windows-ARM.Build.0 = Release|Any CPU
		{FEF2EB7B-9DBE-44BE-AE99-7F0A4644F75E}.Release|Windows-x64.ActiveCfg = Release|Any CPU
		{FEF2EB7B-9DBE-44BE-AE99-7F0A4644F75E}.Release|Windows-x64.Build.0 = Release|Any CPU
		{FEF2EB7B-9DBE-44BE-AE99-7F0A4644F75E}.Release|Windows-x86.ActiveCfg = Release|Any CPU
		{FEF2EB7B-9DBE-44BE-AE99-7F0A4644F75E}.Release|Windows-x86.Build.0 = Release|Any CPU
		{F0222784-726F-447E-B0B1-E02402604AD9}.Debug|Android.ActiveCfg = Debug|Any CPU
		{F0222784-726F-447E-B0B1-E02402604AD9}.Debug|Android.Build.0 = Debug|Any CPU
		{F0222784-726F-447E-B0B1-E02402604AD9}.Debug|Any CPU.ActiveCfg = Debug|Any CPU
		{F0222784-726F-447E-B0B1-E02402604AD9}.Debug|Any CPU.Build.0 = Debug|Any CPU
		{F0222784-726F-447E-B0B1-E02402604AD9}.Debug|iOS.ActiveCfg = Debug|Any CPU
		{F0222784-726F-447E-B0B1-E02402604AD9}.Debug|iOS.Build.0 = Debug|Any CPU
		{F0222784-726F-447E-B0B1-E02402604AD9}.Debug|Windows Phone (Universal).ActiveCfg = Debug|Any CPU
		{F0222784-726F-447E-B0B1-E02402604AD9}.Debug|Windows Phone (Universal).Build.0 = Debug|Any CPU
		{F0222784-726F-447E-B0B1-E02402604AD9}.Debug|Windows Phone 8.ActiveCfg = Debug|Any CPU
		{F0222784-726F-447E-B0B1-E02402604AD9}.Debug|Windows Phone 8.Build.0 = Debug|Any CPU
		{F0222784-726F-447E-B0B1-E02402604AD9}.Debug|Windows-AnyCPU.ActiveCfg = Debug|Any CPU
		{F0222784-726F-447E-B0B1-E02402604AD9}.Debug|Windows-AnyCPU.Build.0 = Debug|Any CPU
		{F0222784-726F-447E-B0B1-E02402604AD9}.Debug|Windows-ARM.ActiveCfg = Debug|Any CPU
		{F0222784-726F-447E-B0B1-E02402604AD9}.Debug|Windows-ARM.Build.0 = Debug|Any CPU
		{F0222784-726F-447E-B0B1-E02402604AD9}.Debug|Windows-x64.ActiveCfg = Debug|Any CPU
		{F0222784-726F-447E-B0B1-E02402604AD9}.Debug|Windows-x64.Build.0 = Debug|Any CPU
		{F0222784-726F-447E-B0B1-E02402604AD9}.Debug|Windows-x86.ActiveCfg = Debug|Any CPU
		{F0222784-726F-447E-B0B1-E02402604AD9}.Debug|Windows-x86.Build.0 = Debug|Any CPU
		{F0222784-726F-447E-B0B1-E02402604AD9}.Release|Android.ActiveCfg = Release|Any CPU
		{F0222784-726F-447E-B0B1-E02402604AD9}.Release|Android.Build.0 = Release|Any CPU
		{F0222784-726F-447E-B0B1-E02402604AD9}.Release|Any CPU.ActiveCfg = Release|Any CPU
		{F0222784-726F-447E-B0B1-E02402604AD9}.Release|Any CPU.Build.0 = Release|Any CPU
		{F0222784-726F-447E-B0B1-E02402604AD9}.Release|iOS.ActiveCfg = Release|Any CPU
		{F0222784-726F-447E-B0B1-E02402604AD9}.Release|iOS.Build.0 = Release|Any CPU
		{F0222784-726F-447E-B0B1-E02402604AD9}.Release|Windows Phone (Universal).ActiveCfg = Release|Any CPU
		{F0222784-726F-447E-B0B1-E02402604AD9}.Release|Windows Phone (Universal).Build.0 = Release|Any CPU
		{F0222784-726F-447E-B0B1-E02402604AD9}.Release|Windows Phone 8.ActiveCfg = Release|Any CPU
		{F0222784-726F-447E-B0B1-E02402604AD9}.Release|Windows Phone 8.Build.0 = Release|Any CPU
		{F0222784-726F-447E-B0B1-E02402604AD9}.Release|Windows-AnyCPU.ActiveCfg = Release|Any CPU
		{F0222784-726F-447E-B0B1-E02402604AD9}.Release|Windows-AnyCPU.Build.0 = Release|Any CPU
		{F0222784-726F-447E-B0B1-E02402604AD9}.Release|Windows-ARM.ActiveCfg = Release|Any CPU
		{F0222784-726F-447E-B0B1-E02402604AD9}.Release|Windows-ARM.Build.0 = Release|Any CPU
		{F0222784-726F-447E-B0B1-E02402604AD9}.Release|Windows-x64.ActiveCfg = Release|Any CPU
		{F0222784-726F-447E-B0B1-E02402604AD9}.Release|Windows-x64.Build.0 = Release|Any CPU
		{F0222784-726F-447E-B0B1-E02402604AD9}.Release|Windows-x86.ActiveCfg = Release|Any CPU
		{F0222784-726F-447E-B0B1-E02402604AD9}.Release|Windows-x86.Build.0 = Release|Any CPU
	EndGlobalSection
	GlobalSection(SolutionProperties) = preSolution
		HideSolutionNode = FALSE
	EndGlobalSection
EndGlobal
