
Microsoft Visual Studio Solution File, Format Version 12.00
# Visual Studio 14
VisualStudioVersion = 14.0.25420.1
MinimumVisualStudioVersion = 10.0.40219.1
Project("{FAE04EC0-301F-11D3-BF4B-00C04F79EFBC}") = "ViewModels", "ViewModels\ViewModels.csproj", "{2F467829-C0E5-4E2F-B4AC-64EE623F9322}"
EndProject
Project("{FAE04EC0-301F-11D3-BF4B-00C04F79EFBC}") = "WebApp", "WebApp\WebApp.csproj", "{0A980AF6-01FF-43F9-A425-F7A5704C301D}"
EndProject
Project("{FAE04EC0-301F-11D3-BF4B-00C04F79EFBC}") = "Domain", "Domain\Domain.csproj", "{790178A9-A120-4CB8-BC6A-A25CABA2F093}"
EndProject
Project("{FAE04EC0-301F-11D3-BF4B-00C04F79EFBC}") = "Service.Interfaces", "Service.Interfaces\Service.Interfaces.csproj", "{E08FD72E-E5EE-411C-B8D3-C6F03F38E3C7}"
EndProject
Project("{FAE04EC0-301F-11D3-BF4B-00C04F79EFBC}") = "DataAccess", "DataAccess\DataAccess.csproj", "{93B37C5F-6EC4-49FC-9C48-80E60D991A76}"
EndProject
Project("{FAE04EC0-301F-11D3-BF4B-00C04F79EFBC}") = "Services", "Services\Services.csproj", "{9BEA6994-163C-4195-A8A4-19BAEB92279C}"
EndProject
Project("{262852C6-CD72-467D-83FE-5EEB1973A190}") = "CordovaApp", "CordovaApp\CordovaApp.jsproj", "{736A2A76-AB21-43C9-A095-5E5128CB635F}"
EndProject
Global
	GlobalSection(SolutionConfigurationPlatforms) = preSolution
		Debug|Android = Debug|Android
		Debug|Any CPU = Debug|Any CPU
		Debug|iOS = Debug|iOS
		Debug|Windows Phone (Universal) = Debug|Windows Phone (Universal)
		Debug|Windows Phone 8 = Debug|Windows Phone 8
		Debug|Windows-AnyCPU = Debug|Windows-AnyCPU
		Debug|Windows-ARM = Debug|Windows-ARM
		Debug|Windows-x64 = Debug|Windows-x64
		Debug|Windows-x86 = Debug|Windows-x86
		Release|Android = Release|Android
		Release|Any CPU = Release|Any CPU
		Release|iOS = Release|iOS
		Release|Windows Phone (Universal) = Release|Windows Phone (Universal)
		Release|Windows Phone 8 = Release|Windows Phone 8
		Release|Windows-AnyCPU = Release|Windows-AnyCPU
		Release|Windows-ARM = Release|Windows-ARM
		Release|Windows-x64 = Release|Windows-x64
		Release|Windows-x86 = Release|Windows-x86
	EndGlobalSection
	GlobalSection(ProjectConfigurationPlatforms) = postSolution
		{2F467829-C0E5-4E2F-B4AC-64EE623F9322}.Debug|Android.ActiveCfg = Debug|Any CPU
		{2F467829-C0E5-4E2F-B4AC-64EE623F9322}.Debug|Android.Build.0 = Debug|Any CPU
		{2F467829-C0E5-4E2F-B4AC-64EE623F9322}.Debug|Any CPU.ActiveCfg = Debug|Any CPU
		{2F467829-C0E5-4E2F-B4AC-64EE623F9322}.Debug|Any CPU.Build.0 = Debug|Any CPU
		{2F467829-C0E5-4E2F-B4AC-64EE623F9322}.Debug|iOS.ActiveCfg = Debug|Any CPU
		{2F467829-C0E5-4E2F-B4AC-64EE623F9322}.Debug|iOS.Build.0 = Debug|Any CPU
		{2F467829-C0E5-4E2F-B4AC-64EE623F9322}.Debug|Windows Phone (Universal).ActiveCfg = Debug|Any CPU
		{2F467829-C0E5-4E2F-B4AC-64EE623F9322}.Debug|Windows Phone (Universal).Build.0 = Debug|Any CPU
		{2F467829-C0E5-4E2F-B4AC-64EE623F9322}.Debug|Windows Phone 8.ActiveCfg = Debug|Any CPU
		{2F467829-C0E5-4E2F-B4AC-64EE623F9322}.Debug|Windows Phone 8.Build.0 = Debug|Any CPU
		{2F467829-C0E5-4E2F-B4AC-64EE623F9322}.Debug|Windows-AnyCPU.ActiveCfg = Debug|Any CPU
		{2F467829-C0E5-4E2F-B4AC-64EE623F9322}.Debug|Windows-AnyCPU.Build.0 = Debug|Any CPU
		{2F467829-C0E5-4E2F-B4AC-64EE623F9322}.Debug|Windows-ARM.ActiveCfg = Debug|Any CPU
		{2F467829-C0E5-4E2F-B4AC-64EE623F9322}.Debug|Windows-ARM.Build.0 = Debug|Any CPU
		{2F467829-C0E5-4E2F-B4AC-64EE623F9322}.Debug|Windows-x64.ActiveCfg = Debug|Any CPU
		{2F467829-C0E5-4E2F-B4AC-64EE623F9322}.Debug|Windows-x64.Build.0 = Debug|Any CPU
		{2F467829-C0E5-4E2F-B4AC-64EE623F9322}.Debug|Windows-x86.ActiveCfg = Debug|Any CPU
		{2F467829-C0E5-4E2F-B4AC-64EE623F9322}.Debug|Windows-x86.Build.0 = Debug|Any CPU
		{2F467829-C0E5-4E2F-B4AC-64EE623F9322}.Release|Android.ActiveCfg = Release|Any CPU
		{2F467829-C0E5-4E2F-B4AC-64EE623F9322}.Release|Android.Build.0 = Release|Any CPU
		{2F467829-C0E5-4E2F-B4AC-64EE623F9322}.Release|Any CPU.ActiveCfg = Release|Any CPU
		{2F467829-C0E5-4E2F-B4AC-64EE623F9322}.Release|Any CPU.Build.0 = Release|Any CPU
		{2F467829-C0E5-4E2F-B4AC-64EE623F9322}.Release|iOS.ActiveCfg = Release|Any CPU
		{2F467829-C0E5-4E2F-B4AC-64EE623F9322}.Release|iOS.Build.0 = Release|Any CPU
		{2F467829-C0E5-4E2F-B4AC-64EE623F9322}.Release|Windows Phone (Universal).ActiveCfg = Release|Any CPU
		{2F467829-C0E5-4E2F-B4AC-64EE623F9322}.Release|Windows Phone (Universal).Build.0 = Release|Any CPU
		{2F467829-C0E5-4E2F-B4AC-64EE623F9322}.Release|Windows Phone 8.ActiveCfg = Release|Any CPU
		{2F467829-C0E5-4E2F-B4AC-64EE623F9322}.Release|Windows Phone 8.Build.0 = Release|Any CPU
		{2F467829-C0E5-4E2F-B4AC-64EE623F9322}.Release|Windows-AnyCPU.ActiveCfg = Release|Any CPU
		{2F467829-C0E5-4E2F-B4AC-64EE623F9322}.Release|Windows-AnyCPU.Build.0 = Release|Any CPU
		{2F467829-C0E5-4E2F-B4AC-64EE623F9322}.Release|Windows-ARM.ActiveCfg = Release|Any CPU
		{2F467829-C0E5-4E2F-B4AC-64EE623F9322}.Release|Windows-ARM.Build.0 = Release|Any CPU
		{2F467829-C0E5-4E2F-B4AC-64EE623F9322}.Release|Windows-x64.ActiveCfg = Release|Any CPU
		{2F467829-C0E5-4E2F-B4AC-64EE623F9322}.Release|Windows-x64.Build.0 = Release|Any CPU
		{2F467829-C0E5-4E2F-B4AC-64EE623F9322}.Release|Windows-x86.ActiveCfg = Release|Any CPU
		{2F467829-C0E5-4E2F-B4AC-64EE623F9322}.Release|Windows-x86.Build.0 = Release|Any CPU
		{0A980AF6-01FF-43F9-A425-F7A5704C301D}.Debug|Android.ActiveCfg = Debug|Any CPU
		{0A980AF6-01FF-43F9-A425-F7A5704C301D}.Debug|Android.Build.0 = Debug|Any CPU
		{0A980AF6-01FF-43F9-A425-F7A5704C301D}.Debug|Any CPU.ActiveCfg = Debug|Any CPU
		{0A980AF6-01FF-43F9-A425-F7A5704C301D}.Debug|Any CPU.Build.0 = Debug|Any CPU
		{0A980AF6-01FF-43F9-A425-F7A5704C301D}.Debug|iOS.ActiveCfg = Debug|Any CPU
		{0A980AF6-01FF-43F9-A425-F7A5704C301D}.Debug|iOS.Build.0 = Debug|Any CPU
		{0A980AF6-01FF-43F9-A425-F7A5704C301D}.Debug|Windows Phone (Universal).ActiveCfg = Debug|Any CPU
		{0A980AF6-01FF-43F9-A425-F7A5704C301D}.Debug|Windows Phone (Universal).Build.0 = Debug|Any CPU
		{0A980AF6-01FF-43F9-A425-F7A5704C301D}.Debug|Windows Phone 8.ActiveCfg = Debug|Any CPU
		{0A980AF6-01FF-43F9-A425-F7A5704C301D}.Debug|Windows Phone 8.Build.0 = Debug|Any CPU
		{0A980AF6-01FF-43F9-A425-F7A5704C301D}.Debug|Windows-AnyCPU.ActiveCfg = Debug|Any CPU
		{0A980AF6-01FF-43F9-A425-F7A5704C301D}.Debug|Windows-AnyCPU.Build.0 = Debug|Any CPU
		{0A980AF6-01FF-43F9-A425-F7A5704C301D}.Debug|Windows-ARM.ActiveCfg = Debug|Any CPU
		{0A980AF6-01FF-43F9-A425-F7A5704C301D}.Debug|Windows-ARM.Build.0 = Debug|Any CPU
		{0A980AF6-01FF-43F9-A425-F7A5704C301D}.Debug|Windows-x64.ActiveCfg = Debug|Any CPU
		{0A980AF6-01FF-43F9-A425-F7A5704C301D}.Debug|Windows-x64.Build.0 = Debug|Any CPU
		{0A980AF6-01FF-43F9-A425-F7A5704C301D}.Debug|Windows-x86.ActiveCfg = Debug|Any CPU
		{0A980AF6-01FF-43F9-A425-F7A5704C301D}.Debug|Windows-x86.Build.0 = Debug|Any CPU
		{0A980AF6-01FF-43F9-A425-F7A5704C301D}.Release|Android.ActiveCfg = Release|Any CPU
		{0A980AF6-01FF-43F9-A425-F7A5704C301D}.Release|Android.Build.0 = Release|Any CPU
		{0A980AF6-01FF-43F9-A425-F7A5704C301D}.Release|Any CPU.ActiveCfg = Release|Any CPU
		{0A980AF6-01FF-43F9-A425-F7A5704C301D}.Release|Any CPU.Build.0 = Release|Any CPU
		{0A980AF6-01FF-43F9-A425-F7A5704C301D}.Release|iOS.ActiveCfg = Release|Any CPU
		{0A980AF6-01FF-43F9-A425-F7A5704C301D}.Release|iOS.Build.0 = Release|Any CPU
		{0A980AF6-01FF-43F9-A425-F7A5704C301D}.Release|Windows Phone (Universal).ActiveCfg = Release|Any CPU
		{0A980AF6-01FF-43F9-A425-F7A5704C301D}.Release|Windows Phone (Universal).Build.0 = Release|Any CPU
		{0A980AF6-01FF-43F9-A425-F7A5704C301D}.Release|Windows Phone 8.ActiveCfg = Release|Any CPU
		{0A980AF6-01FF-43F9-A425-F7A5704C301D}.Release|Windows Phone 8.Build.0 = Release|Any CPU
		{0A980AF6-01FF-43F9-A425-F7A5704C301D}.Release|Windows-AnyCPU.ActiveCfg = Release|Any CPU
		{0A980AF6-01FF-43F9-A425-F7A5704C301D}.Release|Windows-AnyCPU.Build.0 = Release|Any CPU
		{0A980AF6-01FF-43F9-A425-F7A5704C301D}.Release|Windows-ARM.ActiveCfg = Release|Any CPU
		{0A980AF6-01FF-43F9-A425-F7A5704C301D}.Release|Windows-ARM.Build.0 = Release|Any CPU
		{0A980AF6-01FF-43F9-A425-F7A5704C301D}.Release|Windows-x64.ActiveCfg = Release|Any CPU
		{0A980AF6-01FF-43F9-A425-F7A5704C301D}.Release|Windows-x64.Build.0 = Release|Any CPU
		{0A980AF6-01FF-43F9-A425-F7A5704C301D}.Release|Windows-x86.ActiveCfg = Release|Any CPU
		{0A980AF6-01FF-43F9-A425-F7A5704C301D}.Release|Windows-x86.Build.0 = Release|Any CPU
		{790178A9-A120-4CB8-BC6A-A25CABA2F093}.Debug|Android.ActiveCfg = Debug|Any CPU
		{790178A9-A120-4CB8-BC6A-A25CABA2F093}.Debug|Android.Build.0 = Debug|Any CPU
		{790178A9-A120-4CB8-BC6A-A25CABA2F093}.Debug|Any CPU.ActiveCfg = Debug|Any CPU
		{790178A9-A120-4CB8-BC6A-A25CABA2F093}.Debug|Any CPU.Build.0 = Debug|Any CPU
		{790178A9-A120-4CB8-BC6A-A25CABA2F093}.Debug|iOS.ActiveCfg = Debug|Any CPU
		{790178A9-A120-4CB8-BC6A-A25CABA2F093}.Debug|iOS.Build.0 = Debug|Any CPU
		{790178A9-A120-4CB8-BC6A-A25CABA2F093}.Debug|Windows Phone (Universal).ActiveCfg = Debug|Any CPU
		{790178A9-A120-4CB8-BC6A-A25CABA2F093}.Debug|Windows Phone (Universal).Build.0 = Debug|Any CPU
		{790178A9-A120-4CB8-BC6A-A25CABA2F093}.Debug|Windows Phone 8.ActiveCfg = Debug|Any CPU
		{790178A9-A120-4CB8-BC6A-A25CABA2F093}.Debug|Windows Phone 8.Build.0 = Debug|Any CPU
		{790178A9-A120-4CB8-BC6A-A25CABA2F093}.Debug|Windows-AnyCPU.ActiveCfg = Debug|Any CPU
		{790178A9-A120-4CB8-BC6A-A25CABA2F093}.Debug|Windows-AnyCPU.Build.0 = Debug|Any CPU
		{790178A9-A120-4CB8-BC6A-A25CABA2F093}.Debug|Windows-ARM.ActiveCfg = Debug|Any CPU
		{790178A9-A120-4CB8-BC6A-A25CABA2F093}.Debug|Windows-ARM.Build.0 = Debug|Any CPU
		{790178A9-A120-4CB8-BC6A-A25CABA2F093}.Debug|Windows-x64.ActiveCfg = Debug|Any CPU
		{790178A9-A120-4CB8-BC6A-A25CABA2F093}.Debug|Windows-x64.Build.0 = Debug|Any CPU
		{790178A9-A120-4CB8-BC6A-A25CABA2F093}.Debug|Windows-x86.ActiveCfg = Debug|Any CPU
		{790178A9-A120-4CB8-BC6A-A25CABA2F093}.Debug|Windows-x86.Build.0 = Debug|Any CPU
		{790178A9-A120-4CB8-BC6A-A25CABA2F093}.Release|Android.ActiveCfg = Release|Any CPU
		{790178A9-A120-4CB8-BC6A-A25CABA2F093}.Release|Android.Build.0 = Release|Any CPU
		{790178A9-A120-4CB8-BC6A-A25CABA2F093}.Release|Any CPU.ActiveCfg = Release|Any CPU
		{790178A9-A120-4CB8-BC6A-A25CABA2F093}.Release|Any CPU.Build.0 = Release|Any CPU
		{790178A9-A120-4CB8-BC6A-A25CABA2F093}.Release|iOS.ActiveCfg = Release|Any CPU
		{790178A9-A120-4CB8-BC6A-A25CABA2F093}.Release|iOS.Build.0 = Release|Any CPU
		{790178A9-A120-4CB8-BC6A-A25CABA2F093}.Release|Windows Phone (Universal).ActiveCfg = Release|Any CPU
		{790178A9-A120-4CB8-BC6A-A25CABA2F093}.Release|Windows Phone (Universal).Build.0 = Release|Any CPU
		{790178A9-A120-4CB8-BC6A-A25CABA2F093}.Release|Windows Phone 8.ActiveCfg = Release|Any CPU
		{790178A9-A120-4CB8-BC6A-A25CABA2F093}.Release|Windows Phone 8.Build.0 = Release|Any CPU
		{790178A9-A120-4CB8-BC6A-A25CABA2F093}.Release|Windows-AnyCPU.ActiveCfg = Release|Any CPU
		{790178A9-A120-4CB8-BC6A-A25CABA2F093}.Release|Windows-AnyCPU.Build.0 = Release|Any CPU
		{790178A9-A120-4CB8-BC6A-A25CABA2F093}.Release|Windows-ARM.ActiveCfg = Release|Any CPU
		{790178A9-A120-4CB8-BC6A-A25CABA2F093}.Release|Windows-ARM.Build.0 = Release|Any CPU
		{790178A9-A120-4CB8-BC6A-A25CABA2F093}.Release|Windows-x64.ActiveCfg = Release|Any CPU
		{790178A9-A120-4CB8-BC6A-A25CABA2F093}.Release|Windows-x64.Build.0 = Release|Any CPU
		{790178A9-A120-4CB8-BC6A-A25CABA2F093}.Release|Windows-x86.ActiveCfg = Release|Any CPU
		{790178A9-A120-4CB8-BC6A-A25CABA2F093}.Release|Windows-x86.Build.0 = Release|Any CPU
		{E08FD72E-E5EE-411C-B8D3-C6F03F38E3C7}.Debug|Android.ActiveCfg = Debug|Any CPU
		{E08FD72E-E5EE-411C-B8D3-C6F03F38E3C7}.Debug|Android.Build.0 = Debug|Any CPU
		{E08FD72E-E5EE-411C-B8D3-C6F03F38E3C7}.Debug|Any CPU.ActiveCfg = Debug|Any CPU
		{E08FD72E-E5EE-411C-B8D3-C6F03F38E3C7}.Debug|Any CPU.Build.0 = Debug|Any CPU
		{E08FD72E-E5EE-411C-B8D3-C6F03F38E3C7}.Debug|iOS.ActiveCfg = Debug|Any CPU
		{E08FD72E-E5EE-411C-B8D3-C6F03F38E3C7}.Debug|iOS.Build.0 = Debug|Any CPU
		{E08FD72E-E5EE-411C-B8D3-C6F03F38E3C7}.Debug|Windows Phone (Universal).ActiveCfg = Debug|Any CPU
		{E08FD72E-E5EE-411C-B8D3-C6F03F38E3C7}.Debug|Windows Phone (Universal).Build.0 = Debug|Any CPU
		{E08FD72E-E5EE-411C-B8D3-C6F03F38E3C7}.Debug|Windows Phone 8.ActiveCfg = Debug|Any CPU
		{E08FD72E-E5EE-411C-B8D3-C6F03F38E3C7}.Debug|Windows Phone 8.Build.0 = Debug|Any CPU
		{E08FD72E-E5EE-411C-B8D3-C6F03F38E3C7}.Debug|Windows-AnyCPU.ActiveCfg = Debug|Any CPU
		{E08FD72E-E5EE-411C-B8D3-C6F03F38E3C7}.Debug|Windows-AnyCPU.Build.0 = Debug|Any CPU
		{E08FD72E-E5EE-411C-B8D3-C6F03F38E3C7}.Debug|Windows-ARM.ActiveCfg = Debug|Any CPU
		{E08FD72E-E5EE-411C-B8D3-C6F03F38E3C7}.Debug|Windows-ARM.Build.0 = Debug|Any CPU
		{E08FD72E-E5EE-411C-B8D3-C6F03F38E3C7}.Debug|Windows-x64.ActiveCfg = Debug|Any CPU
		{E08FD72E-E5EE-411C-B8D3-C6F03F38E3C7}.Debug|Windows-x64.Build.0 = Debug|Any CPU
		{E08FD72E-E5EE-411C-B8D3-C6F03F38E3C7}.Debug|Windows-x86.ActiveCfg = Debug|Any CPU
		{E08FD72E-E5EE-411C-B8D3-C6F03F38E3C7}.Debug|Windows-x86.Build.0 = Debug|Any CPU
		{E08FD72E-E5EE-411C-B8D3-C6F03F38E3C7}.Release|Android.ActiveCfg = Release|Any CPU
		{E08FD72E-E5EE-411C-B8D3-C6F03F38E3C7}.Release|Android.Build.0 = Release|Any CPU
		{E08FD72E-E5EE-411C-B8D3-C6F03F38E3C7}.Release|Any CPU.ActiveCfg = Release|Any CPU
		{E08FD72E-E5EE-411C-B8D3-C6F03F38E3C7}.Release|Any CPU.Build.0 = Release|Any CPU
		{E08FD72E-E5EE-411C-B8D3-C6F03F38E3C7}.Release|iOS.ActiveCfg = Release|Any CPU
		{E08FD72E-E5EE-411C-B8D3-C6F03F38E3C7}.Release|iOS.Build.0 = Release|Any CPU
		{E08FD72E-E5EE-411C-B8D3-C6F03F38E3C7}.Release|Windows Phone (Universal).ActiveCfg = Release|Any CPU
		{E08FD72E-E5EE-411C-B8D3-C6F03F38E3C7}.Release|Windows Phone (Universal).Build.0 = Release|Any CPU
		{E08FD72E-E5EE-411C-B8D3-C6F03F38E3C7}.Release|Windows Phone 8.ActiveCfg = Release|Any CPU
		{E08FD72E-E5EE-411C-B8D3-C6F03F38E3C7}.Release|Windows Phone 8.Build.0 = Release|Any CPU
		{E08FD72E-E5EE-411C-B8D3-C6F03F38E3C7}.Release|Windows-AnyCPU.ActiveCfg = Release|Any CPU
		{E08FD72E-E5EE-411C-B8D3-C6F03F38E3C7}.Release|Windows-AnyCPU.Build.0 = Release|Any CPU
		{E08FD72E-E5EE-411C-B8D3-C6F03F38E3C7}.Release|Windows-ARM.ActiveCfg = Release|Any CPU
		{E08FD72E-E5EE-411C-B8D3-C6F03F38E3C7}.Release|Windows-ARM.Build.0 = Release|Any CPU
		{E08FD72E-E5EE-411C-B8D3-C6F03F38E3C7}.Release|Windows-x64.ActiveCfg = Release|Any CPU
		{E08FD72E-E5EE-411C-B8D3-C6F03F38E3C7}.Release|Windows-x64.Build.0 = Release|Any CPU
		{E08FD72E-E5EE-411C-B8D3-C6F03F38E3C7}.Release|Windows-x86.ActiveCfg = Release|Any CPU
		{E08FD72E-E5EE-411C-B8D3-C6F03F38E3C7}.Release|Windows-x86.Build.0 = Release|Any CPU
		{93B37C5F-6EC4-49FC-9C48-80E60D991A76}.Debug|Android.ActiveCfg = Debug|Any CPU
		{93B37C5F-6EC4-49FC-9C48-80E60D991A76}.Debug|Android.Build.0 = Debug|Any CPU
		{93B37C5F-6EC4-49FC-9C48-80E60D991A76}.Debug|Any CPU.ActiveCfg = Debug|Any CPU
		{93B37C5F-6EC4-49FC-9C48-80E60D991A76}.Debug|Any CPU.Build.0 = Debug|Any CPU
		{93B37C5F-6EC4-49FC-9C48-80E60D991A76}.Debug|iOS.ActiveCfg = Debug|Any CPU
		{93B37C5F-6EC4-49FC-9C48-80E60D991A76}.Debug|iOS.Build.0 = Debug|Any CPU
		{93B37C5F-6EC4-49FC-9C48-80E60D991A76}.Debug|Windows Phone (Universal).ActiveCfg = Debug|Any CPU
		{93B37C5F-6EC4-49FC-9C48-80E60D991A76}.Debug|Windows Phone (Universal).Build.0 = Debug|Any CPU
		{93B37C5F-6EC4-49FC-9C48-80E60D991A76}.Debug|Windows Phone 8.ActiveCfg = Debug|Any CPU
		{93B37C5F-6EC4-49FC-9C48-80E60D991A76}.Debug|Windows Phone 8.Build.0 = Debug|Any CPU
		{93B37C5F-6EC4-49FC-9C48-80E60D991A76}.Debug|Windows-AnyCPU.ActiveCfg = Debug|Any CPU
		{93B37C5F-6EC4-49FC-9C48-80E60D991A76}.Debug|Windows-AnyCPU.Build.0 = Debug|Any CPU
		{93B37C5F-6EC4-49FC-9C48-80E60D991A76}.Debug|Windows-ARM.ActiveCfg = Debug|Any CPU
		{93B37C5F-6EC4-49FC-9C48-80E60D991A76}.Debug|Windows-ARM.Build.0 = Debug|Any CPU
		{93B37C5F-6EC4-49FC-9C48-80E60D991A76}.Debug|Windows-x64.ActiveCfg = Debug|Any CPU
		{93B37C5F-6EC4-49FC-9C48-80E60D991A76}.Debug|Windows-x64.Build.0 = Debug|Any CPU
		{93B37C5F-6EC4-49FC-9C48-80E60D991A76}.Debug|Windows-x86.ActiveCfg = Debug|Any CPU
		{93B37C5F-6EC4-49FC-9C48-80E60D991A76}.Debug|Windows-x86.Build.0 = Debug|Any CPU
		{93B37C5F-6EC4-49FC-9C48-80E60D991A76}.Release|Android.ActiveCfg = Release|Any CPU
		{93B37C5F-6EC4-49FC-9C48-80E60D991A76}.Release|Android.Build.0 = Release|Any CPU
		{93B37C5F-6EC4-49FC-9C48-80E60D991A76}.Release|Any CPU.ActiveCfg = Release|Any CPU
		{93B37C5F-6EC4-49FC-9C48-80E60D991A76}.Release|Any CPU.Build.0 = Release|Any CPU
		{93B37C5F-6EC4-49FC-9C48-80E60D991A76}.Release|iOS.ActiveCfg = Release|Any CPU
		{93B37C5F-6EC4-49FC-9C48-80E60D991A76}.Release|iOS.Build.0 = Release|Any CPU
		{93B37C5F-6EC4-49FC-9C48-80E60D991A76}.Release|Windows Phone (Universal).ActiveCfg = Release|Any CPU
		{93B37C5F-6EC4-49FC-9C48-80E60D991A76}.Release|Windows Phone (Universal).Build.0 = Release|Any CPU
		{93B37C5F-6EC4-49FC-9C48-80E60D991A76}.Release|Windows Phone 8.ActiveCfg = Release|Any CPU
		{93B37C5F-6EC4-49FC-9C48-80E60D991A76}.Release|Windows Phone 8.Build.0 = Release|Any CPU
		{93B37C5F-6EC4-49FC-9C48-80E60D991A76}.Release|Windows-AnyCPU.ActiveCfg = Release|Any CPU
		{93B37C5F-6EC4-49FC-9C48-80E60D991A76}.Release|Windows-AnyCPU.Build.0 = Release|Any CPU
		{93B37C5F-6EC4-49FC-9C48-80E60D991A76}.Release|Windows-ARM.ActiveCfg = Release|Any CPU
		{93B37C5F-6EC4-49FC-9C48-80E60D991A76}.Release|Windows-ARM.Build.0 = Release|Any CPU
		{93B37C5F-6EC4-49FC-9C48-80E60D991A76}.Release|Windows-x64.ActiveCfg = Release|Any CPU
		{93B37C5F-6EC4-49FC-9C48-80E60D991A76}.Release|Windows-x64.Build.0 = Release|Any CPU
		{93B37C5F-6EC4-49FC-9C48-80E60D991A76}.Release|Windows-x86.ActiveCfg = Release|Any CPU
		{93B37C5F-6EC4-49FC-9C48-80E60D991A76}.Release|Windows-x86.Build.0 = Release|Any CPU
		{9BEA6994-163C-4195-A8A4-19BAEB92279C}.Debug|Android.ActiveCfg = Debug|Any CPU
		{9BEA6994-163C-4195-A8A4-19BAEB92279C}.Debug|Android.Build.0 = Debug|Any CPU
		{9BEA6994-163C-4195-A8A4-19BAEB92279C}.Debug|Any CPU.ActiveCfg = Debug|Any CPU
		{9BEA6994-163C-4195-A8A4-19BAEB92279C}.Debug|Any CPU.Build.0 = Debug|Any CPU
		{9BEA6994-163C-4195-A8A4-19BAEB92279C}.Debug|iOS.ActiveCfg = Debug|Any CPU
		{9BEA6994-163C-4195-A8A4-19BAEB92279C}.Debug|iOS.Build.0 = Debug|Any CPU
		{9BEA6994-163C-4195-A8A4-19BAEB92279C}.Debug|Windows Phone (Universal).ActiveCfg = Debug|Any CPU
		{9BEA6994-163C-4195-A8A4-19BAEB92279C}.Debug|Windows Phone (Universal).Build.0 = Debug|Any CPU
		{9BEA6994-163C-4195-A8A4-19BAEB92279C}.Debug|Windows Phone 8.ActiveCfg = Debug|Any CPU
		{9BEA6994-163C-4195-A8A4-19BAEB92279C}.Debug|Windows Phone 8.Build.0 = Debug|Any CPU
		{9BEA6994-163C-4195-A8A4-19BAEB92279C}.Debug|Windows-AnyCPU.ActiveCfg = Debug|Any CPU
		{9BEA6994-163C-4195-A8A4-19BAEB92279C}.Debug|Windows-AnyCPU.Build.0 = Debug|Any CPU
		{9BEA6994-163C-4195-A8A4-19BAEB92279C}.Debug|Windows-ARM.ActiveCfg = Debug|Any CPU
		{9BEA6994-163C-4195-A8A4-19BAEB92279C}.Debug|Windows-ARM.Build.0 = Debug|Any CPU
		{9BEA6994-163C-4195-A8A4-19BAEB92279C}.Debug|Windows-x64.ActiveCfg = Debug|Any CPU
		{9BEA6994-163C-4195-A8A4-19BAEB92279C}.Debug|Windows-x64.Build.0 = Debug|Any CPU
		{9BEA6994-163C-4195-A8A4-19BAEB92279C}.Debug|Windows-x86.ActiveCfg = Debug|Any CPU
		{9BEA6994-163C-4195-A8A4-19BAEB92279C}.Debug|Windows-x86.Build.0 = Debug|Any CPU
		{9BEA6994-163C-4195-A8A4-19BAEB92279C}.Release|Android.ActiveCfg = Release|Any CPU
		{9BEA6994-163C-4195-A8A4-19BAEB92279C}.Release|Android.Build.0 = Release|Any CPU
		{9BEA6994-163C-4195-A8A4-19BAEB92279C}.Release|Any CPU.ActiveCfg = Release|Any CPU
		{9BEA6994-163C-4195-A8A4-19BAEB92279C}.Release|Any CPU.Build.0 = Release|Any CPU
		{9BEA6994-163C-4195-A8A4-19BAEB92279C}.Release|iOS.ActiveCfg = Release|Any CPU
		{9BEA6994-163C-4195-A8A4-19BAEB92279C}.Release|iOS.Build.0 = Release|Any CPU
		{9BEA6994-163C-4195-A8A4-19BAEB92279C}.Release|Windows Phone (Universal).ActiveCfg = Release|Any CPU
		{9BEA6994-163C-4195-A8A4-19BAEB92279C}.Release|Windows Phone (Universal).Build.0 = Release|Any CPU
		{9BEA6994-163C-4195-A8A4-19BAEB92279C}.Release|Windows Phone 8.ActiveCfg = Release|Any CPU
		{9BEA6994-163C-4195-A8A4-19BAEB92279C}.Release|Windows Phone 8.Build.0 = Release|Any CPU
		{9BEA6994-163C-4195-A8A4-19BAEB92279C}.Release|Windows-AnyCPU.ActiveCfg = Release|Any CPU
		{9BEA6994-163C-4195-A8A4-19BAEB92279C}.Release|Windows-AnyCPU.Build.0 = Release|Any CPU
		{9BEA6994-163C-4195-A8A4-19BAEB92279C}.Release|Windows-ARM.ActiveCfg = Release|Any CPU
		{9BEA6994-163C-4195-A8A4-19BAEB92279C}.Release|Windows-ARM.Build.0 = Release|Any CPU
		{9BEA6994-163C-4195-A8A4-19BAEB92279C}.Release|Windows-x64.ActiveCfg = Release|Any CPU
		{9BEA6994-163C-4195-A8A4-19BAEB92279C}.Release|Windows-x64.Build.0 = Release|Any CPU
		{9BEA6994-163C-4195-A8A4-19BAEB92279C}.Release|Windows-x86.ActiveCfg = Release|Any CPU
		{9BEA6994-163C-4195-A8A4-19BAEB92279C}.Release|Windows-x86.Build.0 = Release|Any CPU
		{736A2A76-AB21-43C9-A095-5E5128CB635F}.Debug|Android.ActiveCfg = Debug|Android
		{736A2A76-AB21-43C9-A095-5E5128CB635F}.Debug|Android.Build.0 = Debug|Android
		{736A2A76-AB21-43C9-A095-5E5128CB635F}.Debug|Android.Deploy.0 = Debug|Android
		{736A2A76-AB21-43C9-A095-5E5128CB635F}.Debug|Any CPU.ActiveCfg = Debug|Android
		{736A2A76-AB21-43C9-A095-5E5128CB635F}.Debug|iOS.ActiveCfg = Debug|iOS
		{736A2A76-AB21-43C9-A095-5E5128CB635F}.Debug|iOS.Build.0 = Debug|iOS
		{736A2A76-AB21-43C9-A095-5E5128CB635F}.Debug|iOS.Deploy.0 = Debug|iOS
		{736A2A76-AB21-43C9-A095-5E5128CB635F}.Debug|Windows Phone (Universal).ActiveCfg = Debug|Windows Phone (Universal)
		{736A2A76-AB21-43C9-A095-5E5128CB635F}.Debug|Windows Phone (Universal).Build.0 = Debug|Windows Phone (Universal)
		{736A2A76-AB21-43C9-A095-5E5128CB635F}.Debug|Windows Phone (Universal).Deploy.0 = Debug|Windows Phone (Universal)
		{736A2A76-AB21-43C9-A095-5E5128CB635F}.Debug|Windows Phone 8.ActiveCfg = Debug|Windows Phone 8
		{736A2A76-AB21-43C9-A095-5E5128CB635F}.Debug|Windows Phone 8.Build.0 = Debug|Windows Phone 8
		{736A2A76-AB21-43C9-A095-5E5128CB635F}.Debug|Windows Phone 8.Deploy.0 = Debug|Windows Phone 8
		{736A2A76-AB21-43C9-A095-5E5128CB635F}.Debug|Windows-AnyCPU.ActiveCfg = Debug|Windows-AnyCPU
		{736A2A76-AB21-43C9-A095-5E5128CB635F}.Debug|Windows-AnyCPU.Build.0 = Debug|Windows-AnyCPU
		{736A2A76-AB21-43C9-A095-5E5128CB635F}.Debug|Windows-AnyCPU.Deploy.0 = Debug|Windows-AnyCPU
		{736A2A76-AB21-43C9-A095-5E5128CB635F}.Debug|Windows-ARM.ActiveCfg = Debug|Windows-ARM
		{736A2A76-AB21-43C9-A095-5E5128CB635F}.Debug|Windows-ARM.Build.0 = Debug|Windows-ARM
		{736A2A76-AB21-43C9-A095-5E5128CB635F}.Debug|Windows-ARM.Deploy.0 = Debug|Windows-ARM
		{736A2A76-AB21-43C9-A095-5E5128CB635F}.Debug|Windows-x64.ActiveCfg = Debug|Windows-x64
		{736A2A76-AB21-43C9-A095-5E5128CB635F}.Debug|Windows-x64.Build.0 = Debug|Windows-x64
		{736A2A76-AB21-43C9-A095-5E5128CB635F}.Debug|Windows-x64.Deploy.0 = Debug|Windows-x64
		{736A2A76-AB21-43C9-A095-5E5128CB635F}.Debug|Windows-x86.ActiveCfg = Debug|Windows-x86
		{736A2A76-AB21-43C9-A095-5E5128CB635F}.Debug|Windows-x86.Build.0 = Debug|Windows-x86
		{736A2A76-AB21-43C9-A095-5E5128CB635F}.Debug|Windows-x86.Deploy.0 = Debug|Windows-x86
		{736A2A76-AB21-43C9-A095-5E5128CB635F}.Release|Android.ActiveCfg = Release|Android
		{736A2A76-AB21-43C9-A095-5E5128CB635F}.Release|Android.Build.0 = Release|Android
		{736A2A76-AB21-43C9-A095-5E5128CB635F}.Release|Android.Deploy.0 = Release|Android
		{736A2A76-AB21-43C9-A095-5E5128CB635F}.Release|Any CPU.ActiveCfg = Release|Android
		{736A2A76-AB21-43C9-A095-5E5128CB635F}.Release|iOS.ActiveCfg = Release|iOS
		{736A2A76-AB21-43C9-A095-5E5128CB635F}.Release|iOS.Build.0 = Release|iOS
		{736A2A76-AB21-43C9-A095-5E5128CB635F}.Release|iOS.Deploy.0 = Release|iOS
		{736A2A76-AB21-43C9-A095-5E5128CB635F}.Release|Windows Phone (Universal).ActiveCfg = Release|Windows Phone (Universal)
		{736A2A76-AB21-43C9-A095-5E5128CB635F}.Release|Windows Phone (Universal).Build.0 = Release|Windows Phone (Universal)
		{736A2A76-AB21-43C9-A095-5E5128CB635F}.Release|Windows Phone (Universal).Deploy.0 = Release|Windows Phone (Universal)
		{736A2A76-AB21-43C9-A095-5E5128CB635F}.Release|Windows Phone 8.ActiveCfg = Release|Windows Phone 8
		{736A2A76-AB21-43C9-A095-5E5128CB635F}.Release|Windows Phone 8.Build.0 = Release|Windows Phone 8
		{736A2A76-AB21-43C9-A095-5E5128CB635F}.Release|Windows Phone 8.Deploy.0 = Release|Windows Phone 8
		{736A2A76-AB21-43C9-A095-5E5128CB635F}.Release|Windows-AnyCPU.ActiveCfg = Release|Windows-AnyCPU
		{736A2A76-AB21-43C9-A095-5E5128CB635F}.Release|Windows-AnyCPU.Build.0 = Release|Windows-AnyCPU
		{736A2A76-AB21-43C9-A095-5E5128CB635F}.Release|Windows-AnyCPU.Deploy.0 = Release|Windows-AnyCPU
		{736A2A76-AB21-43C9-A095-5E5128CB635F}.Release|Windows-ARM.ActiveCfg = Release|Windows-ARM
		{736A2A76-AB21-43C9-A095-5E5128CB635F}.Release|Windows-ARM.Build.0 = Release|Windows-ARM
		{736A2A76-AB21-43C9-A095-5E5128CB635F}.Release|Windows-ARM.Deploy.0 = Release|Windows-ARM
		{736A2A76-AB21-43C9-A095-5E5128CB635F}.Release|Windows-x64.ActiveCfg = Release|Windows-x64
		{736A2A76-AB21-43C9-A095-5E5128CB635F}.Release|Windows-x64.Build.0 = Release|Windows-x64
		{736A2A76-AB21-43C9-A095-5E5128CB635F}.Release|Windows-x64.Deploy.0 = Release|Windows-x64
		{736A2A76-AB21-43C9-A095-5E5128CB635F}.Release|Windows-x86.ActiveCfg = Release|Windows-x86
		{736A2A76-AB21-43C9-A095-5E5128CB635F}.Release|Windows-x86.Build.0 = Release|Windows-x86
		{736A2A76-AB21-43C9-A095-5E5128CB635F}.Release|Windows-x86.Deploy.0 = Release|Windows-x86
	EndGlobalSection
	GlobalSection(SolutionProperties) = preSolution
		HideSolutionNode = FALSE
	EndGlobalSection
EndGlobal
